
Microsoft Visual Studio Solution File, Format Version 12.00
# Visual Studio Version 17
VisualStudioVersion = 17.9.34701.34
MinimumVisualStudioVersion = 10.0.40219.1
Project("{9A19103F-16F7-4668-BE54-9A1E7A4F7556}") = "ProfileableApi", "src\ProfileableApi.csproj", "{6FF10E4D-0824-42E5-A5DB-6EDB0550FEAC}"
EndProject
Project("{2150E333-8FDC-42A3-9474-1A3956D46DE8}") = ".SolutionItems", ".SolutionItems", "{B59AC1CB-0BAA-4E35-B17C-810A7E54154B}"
	ProjectSection(SolutionItems) = preProject
		.editorconfig = .editorconfig
		.gitignore = .gitignore
		LICENSE = LICENSE
		README.md = README.md
	EndProjectSection
EndProject
Global
	GlobalSection(SolutionConfigurationPlatforms) = preSolution
		Debug|Any CPU = Debug|Any CPU
		Release|Any CPU = Release|Any CPU
	EndGlobalSection
	GlobalSection(ProjectConfigurationPlatforms) = postSolution
		{6FF10E4D-0824-42E5-A5DB-6EDB0550FEAC}.Debug|Any CPU.ActiveCfg = Debug|Any CPU
		{6FF10E4D-0824-42E5-A5DB-6EDB0550FEAC}.Debug|Any CPU.Build.0 = Debug|Any CPU
		{6FF10E4D-0824-42E5-A5DB-6EDB0550FEAC}.Release|Any CPU.ActiveCfg = Release|Any CPU
		{6FF10E4D-0824-42E5-A5DB-6EDB0550FEAC}.Release|Any CPU.Build.0 = Release|Any CPU
	EndGlobalSection
	GlobalSection(SolutionProperties) = preSolution
		HideSolutionNode = FALSE
	EndGlobalSection
	GlobalSection(ExtensibilityGlobals) = postSolution
		SolutionGuid = {6A505F37-942E-40AB-94D5-60C044BF29A6}
	EndGlobalSection
EndGlobal
